
Microsoft Visual Studio Solution File, Format Version 12.00
# Visual Studio 14
VisualStudioVersion = 14.0.25123.0
MinimumVisualStudioVersion = 10.0.40219.1
Project("{8BC9CEB8-8B4A-11D0-8D11-00A0C91BC942}") = "sys", "sys\sys.vcxproj", "{C0269F86-24E0-40DD-B5C8-29CDFDFF2AFB}"
EndProject
Project("{8BC9CEB8-8B4A-11D0-8D11-00A0C91BC942}") = "dokan", "dokan\dokan.vcxproj", "{F25BA22F-2AB8-4859-9B89-8FE1E774B472}"
EndProject
Project("{8BC9CEB8-8B4A-11D0-8D11-00A0C91BC942}") = "dokan_mirror", "samples\dokan_mirror\dokan_mirror.vcxproj", "{DADCBCAD-4429-422E-9FA9-D8E538D0EF94}"
EndProject
Project("{8BC9CEB8-8B4A-11D0-8D11-00A0C91BC942}") = "dokan_control", "dokan_control\dokan_control.vcxproj", "{A1881DF2-0A37-4AF4-86DC-EE0251CC6EA6}"
EndProject
Project("{8BC9CEB8-8B4A-11D0-8D11-00A0C91BC942}") = "dokan_np", "dokan_np\dokan_np.vcxproj", "{EC90ED56-551B-4784-9B07-4B49B972448F}"
EndProject
Project("{8BC9CEB8-8B4A-11D0-8D11-00A0C91BC942}") = "dokan_fuse", "dokan_fuse\dokan_fuse.vcxproj", "{4AF8149D-C526-4D38-A4BC-9FFA67EDF924}"
EndProject
Global
	GlobalSection(SolutionConfigurationPlatforms) = preSolution
		Debug|Win32 = Debug|Win32
		Debug|x64 = Debug|x64
		Release|Win32 = Release|Win32
		Release|x64 = Release|x64
		Win10 Debug|Win32 = Win10 Debug|Win32
		Win10 Debug|x64 = Win10 Debug|x64
		Win10 Release|Win32 = Win10 Release|Win32
		Win10 Release|x64 = Win10 Release|x64
		Win7 Debug|Win32 = Win7 Debug|Win32
		Win7 Debug|x64 = Win7 Debug|x64
		Win7 Release|Win32 = Win7 Release|Win32
		Win7 Release|x64 = Win7 Release|x64
		Win8 Debug|Win32 = Win8 Debug|Win32
		Win8 Debug|x64 = Win8 Debug|x64
		Win8 Release|Win32 = Win8 Release|Win32
		Win8 Release|x64 = Win8 Release|x64
		Win8.1 Debug|Win32 = Win8.1 Debug|Win32
		Win8.1 Debug|x64 = Win8.1 Debug|x64
		Win8.1 Release|Win32 = Win8.1 Release|Win32
		Win8.1 Release|x64 = Win8.1 Release|x64
	EndGlobalSection
	GlobalSection(ProjectConfigurationPlatforms) = postSolution
		{C0269F86-24E0-40DD-B5C8-29CDFDFF2AFB}.Debug|Win32.ActiveCfg = Win10 Debug|Win32
		{C0269F86-24E0-40DD-B5C8-29CDFDFF2AFB}.Debug|Win32.Deploy.0 = Win10 Debug|Win32
		{C0269F86-24E0-40DD-B5C8-29CDFDFF2AFB}.Debug|x64.ActiveCfg = Win10 Debug|x64
		{C0269F86-24E0-40DD-B5C8-29CDFDFF2AFB}.Debug|x64.Deploy.0 = Win10 Debug|x64
		{C0269F86-24E0-40DD-B5C8-29CDFDFF2AFB}.Release|Win32.ActiveCfg = Win10 Release|Win32
		{C0269F86-24E0-40DD-B5C8-29CDFDFF2AFB}.Release|Win32.Deploy.0 = Win10 Release|Win32
		{C0269F86-24E0-40DD-B5C8-29CDFDFF2AFB}.Release|x64.ActiveCfg = Win10 Release|x64
		{C0269F86-24E0-40DD-B5C8-29CDFDFF2AFB}.Win10 Debug|Win32.ActiveCfg = Win10 Debug|Win32
		{C0269F86-24E0-40DD-B5C8-29CDFDFF2AFB}.Win10 Debug|Win32.Build.0 = Win10 Debug|Win32
		{C0269F86-24E0-40DD-B5C8-29CDFDFF2AFB}.Win10 Debug|x64.ActiveCfg = Win10 Debug|x64
		{C0269F86-24E0-40DD-B5C8-29CDFDFF2AFB}.Win10 Debug|x64.Build.0 = Win10 Debug|x64
		{C0269F86-24E0-40DD-B5C8-29CDFDFF2AFB}.Win10 Release|Win32.ActiveCfg = Win10 Release|Win32
		{C0269F86-24E0-40DD-B5C8-29CDFDFF2AFB}.Win10 Release|Win32.Build.0 = Win10 Release|Win32
		{C0269F86-24E0-40DD-B5C8-29CDFDFF2AFB}.Win10 Release|x64.ActiveCfg = Win10 Release|x64
		{C0269F86-24E0-40DD-B5C8-29CDFDFF2AFB}.Win10 Release|x64.Build.0 = Win10 Release|x64
		{C0269F86-24E0-40DD-B5C8-29CDFDFF2AFB}.Win7 Debug|Win32.ActiveCfg = Win7 Debug|Win32
		{C0269F86-24E0-40DD-B5C8-29CDFDFF2AFB}.Win7 Debug|Win32.Build.0 = Win7 Debug|Win32
		{C0269F86-24E0-40DD-B5C8-29CDFDFF2AFB}.Win7 Debug|Win32.Deploy.0 = Win7 Debug|Win32
		{C0269F86-24E0-40DD-B5C8-29CDFDFF2AFB}.Win7 Debug|x64.ActiveCfg = Win7 Debug|x64
		{C0269F86-24E0-40DD-B5C8-29CDFDFF2AFB}.Win7 Debug|x64.Build.0 = Win7 Debug|x64
		{C0269F86-24E0-40DD-B5C8-29CDFDFF2AFB}.Win7 Debug|x64.Deploy.0 = Win7 Debug|x64
		{C0269F86-24E0-40DD-B5C8-29CDFDFF2AFB}.Win7 Release|Win32.ActiveCfg = Win7 Release|Win32
		{C0269F86-24E0-40DD-B5C8-29CDFDFF2AFB}.Win7 Release|Win32.Build.0 = Win7 Release|Win32
		{C0269F86-24E0-40DD-B5C8-29CDFDFF2AFB}.Win7 Release|Win32.Deploy.0 = Win7 Release|Win32
		{C0269F86-24E0-40DD-B5C8-29CDFDFF2AFB}.Win7 Release|x64.ActiveCfg = Win7 Release|x64
		{C0269F86-24E0-40DD-B5C8-29CDFDFF2AFB}.Win7 Release|x64.Build.0 = Win7 Release|x64
		{C0269F86-24E0-40DD-B5C8-29CDFDFF2AFB}.Win7 Release|x64.Deploy.0 = Win7 Release|x64
		{C0269F86-24E0-40DD-B5C8-29CDFDFF2AFB}.Win8 Debug|Win32.ActiveCfg = Win8 Debug|Win32
		{C0269F86-24E0-40DD-B5C8-29CDFDFF2AFB}.Win8 Debug|Win32.Build.0 = Win8 Debug|Win32
		{C0269F86-24E0-40DD-B5C8-29CDFDFF2AFB}.Win8 Debug|Win32.Deploy.0 = Win8 Debug|Win32
		{C0269F86-24E0-40DD-B5C8-29CDFDFF2AFB}.Win8 Debug|x64.ActiveCfg = Win8 Debug|x64
		{C0269F86-24E0-40DD-B5C8-29CDFDFF2AFB}.Win8 Debug|x64.Build.0 = Win8 Debug|x64
		{C0269F86-24E0-40DD-B5C8-29CDFDFF2AFB}.Win8 Debug|x64.Deploy.0 = Win8 Debug|x64
		{C0269F86-24E0-40DD-B5C8-29CDFDFF2AFB}.Win8 Release|Win32.ActiveCfg = Win8 Release|Win32
		{C0269F86-24E0-40DD-B5C8-29CDFDFF2AFB}.Win8 Release|Win32.Build.0 = Win8 Release|Win32
		{C0269F86-24E0-40DD-B5C8-29CDFDFF2AFB}.Win8 Release|Win32.Deploy.0 = Win8 Release|Win32
		{C0269F86-24E0-40DD-B5C8-29CDFDFF2AFB}.Win8 Release|x64.ActiveCfg = Win8 Release|x64
		{C0269F86-24E0-40DD-B5C8-29CDFDFF2AFB}.Win8 Release|x64.Build.0 = Win8 Release|x64
		{C0269F86-24E0-40DD-B5C8-29CDFDFF2AFB}.Win8 Release|x64.Deploy.0 = Win8 Release|x64
		{C0269F86-24E0-40DD-B5C8-29CDFDFF2AFB}.Win8.1 Debug|Win32.ActiveCfg = Win8.1 Debug|Win32
		{C0269F86-24E0-40DD-B5C8-29CDFDFF2AFB}.Win8.1 Debug|Win32.Build.0 = Win8.1 Debug|Win32
		{C0269F86-24E0-40DD-B5C8-29CDFDFF2AFB}.Win8.1 Debug|Win32.Deploy.0 = Win8.1 Debug|Win32
		{C0269F86-24E0-40DD-B5C8-29CDFDFF2AFB}.Win8.1 Debug|x64.ActiveCfg = Win8.1 Debug|x64
		{C0269F86-24E0-40DD-B5C8-29CDFDFF2AFB}.Win8.1 Debug|x64.Build.0 = Win8.1 Debug|x64
		{C0269F86-24E0-40DD-B5C8-29CDFDFF2AFB}.Win8.1 Debug|x64.Deploy.0 = Win8.1 Debug|x64
		{C0269F86-24E0-40DD-B5C8-29CDFDFF2AFB}.Win8.1 Release|Win32.ActiveCfg = Win8.1 Release|Win32
		{C0269F86-24E0-40DD-B5C8-29CDFDFF2AFB}.Win8.1 Release|Win32.Build.0 = Win8.1 Release|Win32
		{C0269F86-24E0-40DD-B5C8-29CDFDFF2AFB}.Win8.1 Release|Win32.Deploy.0 = Win8.1 Release|Win32
		{C0269F86-24E0-40DD-B5C8-29CDFDFF2AFB}.Win8.1 Release|x64.ActiveCfg = Win8.1 Release|x64
		{C0269F86-24E0-40DD-B5C8-29CDFDFF2AFB}.Win8.1 Release|x64.Build.0 = Win8.1 Release|x64
		{C0269F86-24E0-40DD-B5C8-29CDFDFF2AFB}.Win8.1 Release|x64.Deploy.0 = Win8.1 Release|x64
		{F25BA22F-2AB8-4859-9B89-8FE1E774B472}.Debug|Win32.ActiveCfg = Debug|Win32
		{F25BA22F-2AB8-4859-9B89-8FE1E774B472}.Debug|Win32.Build.0 = Debug|Win32
		{F25BA22F-2AB8-4859-9B89-8FE1E774B472}.Debug|Win32.Deploy.0 = Debug|Win32
		{F25BA22F-2AB8-4859-9B89-8FE1E774B472}.Debug|x64.ActiveCfg = Debug|x64
		{F25BA22F-2AB8-4859-9B89-8FE1E774B472}.Debug|x64.Build.0 = Debug|x64
		{F25BA22F-2AB8-4859-9B89-8FE1E774B472}.Release|Win32.ActiveCfg = Release|Win32
		{F25BA22F-2AB8-4859-9B89-8FE1E774B472}.Release|Win32.Build.0 = Release|Win32
		{F25BA22F-2AB8-4859-9B89-8FE1E774B472}.Release|Win32.Deploy.0 = Release|Win32
		{F25BA22F-2AB8-4859-9B89-8FE1E774B472}.Release|x64.ActiveCfg = Release|x64
		{F25BA22F-2AB8-4859-9B89-8FE1E774B472}.Release|x64.Build.0 = Release|x64
		{F25BA22F-2AB8-4859-9B89-8FE1E774B472}.Release|x64.Deploy.0 = Release|x64
		{F25BA22F-2AB8-4859-9B89-8FE1E774B472}.Win10 Debug|Win32.ActiveCfg = Debug|Win32
		{F25BA22F-2AB8-4859-9B89-8FE1E774B472}.Win10 Debug|Win32.Build.0 = Debug|Win32
		{F25BA22F-2AB8-4859-9B89-8FE1E774B472}.Win10 Debug|x64.ActiveCfg = Debug|x64
		{F25BA22F-2AB8-4859-9B89-8FE1E774B472}.Win10 Debug|x64.Build.0 = Debug|x64
		{F25BA22F-2AB8-4859-9B89-8FE1E774B472}.Win10 Release|Win32.ActiveCfg = Release|Win32
		{F25BA22F-2AB8-4859-9B89-8FE1E774B472}.Win10 Release|Win32.Build.0 = Release|Win32
		{F25BA22F-2AB8-4859-9B89-8FE1E774B472}.Win10 Release|x64.ActiveCfg = Release|x64
		{F25BA22F-2AB8-4859-9B89-8FE1E774B472}.Win10 Release|x64.Build.0 = Release|x64
		{F25BA22F-2AB8-4859-9B89-8FE1E774B472}.Win7 Debug|Win32.ActiveCfg = Debug|Win32
		{F25BA22F-2AB8-4859-9B89-8FE1E774B472}.Win7 Debug|Win32.Build.0 = Debug|Win32
		{F25BA22F-2AB8-4859-9B89-8FE1E774B472}.Win7 Debug|Win32.Deploy.0 = Debug|Win32
		{F25BA22F-2AB8-4859-9B89-8FE1E774B472}.Win7 Debug|x64.ActiveCfg = Debug|x64
		{F25BA22F-2AB8-4859-9B89-8FE1E774B472}.Win7 Debug|x64.Build.0 = Debug|x64
		{F25BA22F-2AB8-4859-9B89-8FE1E774B472}.Win7 Release|Win32.ActiveCfg = Release|Win32
		{F25BA22F-2AB8-4859-9B89-8FE1E774B472}.Win7 Release|Win32.Deploy.0 = Release|Win32
		{F25BA22F-2AB8-4859-9B89-8FE1E774B472}.Win7 Release|x64.ActiveCfg = Release|x64
		{F25BA22F-2AB8-4859-9B89-8FE1E774B472}.Win8 Debug|Win32.ActiveCfg = Debug|Win32
		{F25BA22F-2AB8-4859-9B89-8FE1E774B472}.Win8 Debug|Win32.Build.0 = Debug|Win32
		{F25BA22F-2AB8-4859-9B89-8FE1E774B472}.Win8 Debug|Win32.Deploy.0 = Debug|Win32
		{F25BA22F-2AB8-4859-9B89-8FE1E774B472}.Win8 Debug|x64.ActiveCfg = Debug|x64
		{F25BA22F-2AB8-4859-9B89-8FE1E774B472}.Win8 Debug|x64.Build.0 = Debug|x64
		{F25BA22F-2AB8-4859-9B89-8FE1E774B472}.Win8 Release|Win32.ActiveCfg = Release|Win32
		{F25BA22F-2AB8-4859-9B89-8FE1E774B472}.Win8 Release|Win32.Deploy.0 = Release|Win32
		{F25BA22F-2AB8-4859-9B89-8FE1E774B472}.Win8 Release|x64.ActiveCfg = Release|x64
		{F25BA22F-2AB8-4859-9B89-8FE1E774B472}.Win8.1 Debug|Win32.ActiveCfg = Debug|Win32
		{F25BA22F-2AB8-4859-9B89-8FE1E774B472}.Win8.1 Debug|Win32.Build.0 = Debug|Win32
		{F25BA22F-2AB8-4859-9B89-8FE1E774B472}.Win8.1 Debug|Win32.Deploy.0 = Debug|Win32
		{F25BA22F-2AB8-4859-9B89-8FE1E774B472}.Win8.1 Debug|x64.ActiveCfg = Debug|x64
		{F25BA22F-2AB8-4859-9B89-8FE1E774B472}.Win8.1 Debug|x64.Build.0 = Debug|x64
		{F25BA22F-2AB8-4859-9B89-8FE1E774B472}.Win8.1 Release|Win32.ActiveCfg = Release|Win32
		{F25BA22F-2AB8-4859-9B89-8FE1E774B472}.Win8.1 Release|Win32.Deploy.0 = Release|Win32
		{F25BA22F-2AB8-4859-9B89-8FE1E774B472}.Win8.1 Release|x64.ActiveCfg = Release|x64
		{DADCBCAD-4429-422E-9FA9-D8E538D0EF94}.Debug|Win32.ActiveCfg = Debug|Win32
		{DADCBCAD-4429-422E-9FA9-D8E538D0EF94}.Debug|Win32.Build.0 = Debug|Win32
		{DADCBCAD-4429-422E-9FA9-D8E538D0EF94}.Debug|x64.ActiveCfg = Debug|x64
		{DADCBCAD-4429-422E-9FA9-D8E538D0EF94}.Debug|x64.Build.0 = Debug|x64
		{DADCBCAD-4429-422E-9FA9-D8E538D0EF94}.Release|Win32.ActiveCfg = Release|Win32
		{DADCBCAD-4429-422E-9FA9-D8E538D0EF94}.Release|Win32.Build.0 = Release|Win32
		{DADCBCAD-4429-422E-9FA9-D8E538D0EF94}.Release|x64.ActiveCfg = Release|x64
		{DADCBCAD-4429-422E-9FA9-D8E538D0EF94}.Release|x64.Build.0 = Release|x64
		{DADCBCAD-4429-422E-9FA9-D8E538D0EF94}.Win10 Debug|Win32.ActiveCfg = Debug|Win32
		{DADCBCAD-4429-422E-9FA9-D8E538D0EF94}.Win10 Debug|Win32.Build.0 = Debug|Win32
		{DADCBCAD-4429-422E-9FA9-D8E538D0EF94}.Win10 Debug|x64.ActiveCfg = Debug|x64
		{DADCBCAD-4429-422E-9FA9-D8E538D0EF94}.Win10 Debug|x64.Build.0 = Debug|x64
		{DADCBCAD-4429-422E-9FA9-D8E538D0EF94}.Win10 Release|Win32.ActiveCfg = Release|Win32
		{DADCBCAD-4429-422E-9FA9-D8E538D0EF94}.Win10 Release|Win32.Build.0 = Release|Win32
		{DADCBCAD-4429-422E-9FA9-D8E538D0EF94}.Win10 Release|x64.ActiveCfg = Release|x64
		{DADCBCAD-4429-422E-9FA9-D8E538D0EF94}.Win10 Release|x64.Build.0 = Release|x64
		{DADCBCAD-4429-422E-9FA9-D8E538D0EF94}.Win7 Debug|Win32.ActiveCfg = Debug|Win32
		{DADCBCAD-4429-422E-9FA9-D8E538D0EF94}.Win7 Debug|Win32.Build.0 = Debug|Win32
		{DADCBCAD-4429-422E-9FA9-D8E538D0EF94}.Win7 Debug|x64.ActiveCfg = Debug|x64
		{DADCBCAD-4429-422E-9FA9-D8E538D0EF94}.Win7 Debug|x64.Build.0 = Debug|x64
		{DADCBCAD-4429-422E-9FA9-D8E538D0EF94}.Win7 Release|Win32.ActiveCfg = Release|Win32
		{DADCBCAD-4429-422E-9FA9-D8E538D0EF94}.Win7 Release|x64.ActiveCfg = Release|x64
		{DADCBCAD-4429-422E-9FA9-D8E538D0EF94}.Win8 Debug|Win32.ActiveCfg = Debug|Win32
		{DADCBCAD-4429-422E-9FA9-D8E538D0EF94}.Win8 Debug|Win32.Build.0 = Debug|Win32
		{DADCBCAD-4429-422E-9FA9-D8E538D0EF94}.Win8 Debug|x64.ActiveCfg = Debug|x64
		{DADCBCAD-4429-422E-9FA9-D8E538D0EF94}.Win8 Debug|x64.Build.0 = Debug|x64
		{DADCBCAD-4429-422E-9FA9-D8E538D0EF94}.Win8 Release|Win32.ActiveCfg = Release|Win32
		{DADCBCAD-4429-422E-9FA9-D8E538D0EF94}.Win8 Release|x64.ActiveCfg = Release|x64
		{DADCBCAD-4429-422E-9FA9-D8E538D0EF94}.Win8.1 Debug|Win32.ActiveCfg = Debug|Win32
		{DADCBCAD-4429-422E-9FA9-D8E538D0EF94}.Win8.1 Debug|Win32.Build.0 = Debug|Win32
		{DADCBCAD-4429-422E-9FA9-D8E538D0EF94}.Win8.1 Debug|x64.ActiveCfg = Debug|x64
		{DADCBCAD-4429-422E-9FA9-D8E538D0EF94}.Win8.1 Debug|x64.Build.0 = Debug|x64
		{DADCBCAD-4429-422E-9FA9-D8E538D0EF94}.Win8.1 Release|Win32.ActiveCfg = Release|Win32
		{DADCBCAD-4429-422E-9FA9-D8E538D0EF94}.Win8.1 Release|x64.ActiveCfg = Release|x64
		{A1881DF2-0A37-4AF4-86DC-EE0251CC6EA6}.Debug|Win32.ActiveCfg = Debug|Win32
		{A1881DF2-0A37-4AF4-86DC-EE0251CC6EA6}.Debug|Win32.Build.0 = Debug|Win32
		{A1881DF2-0A37-4AF4-86DC-EE0251CC6EA6}.Debug|x64.ActiveCfg = Debug|x64
		{A1881DF2-0A37-4AF4-86DC-EE0251CC6EA6}.Debug|x64.Build.0 = Debug|x64
		{A1881DF2-0A37-4AF4-86DC-EE0251CC6EA6}.Release|Win32.ActiveCfg = Release|Win32
		{A1881DF2-0A37-4AF4-86DC-EE0251CC6EA6}.Release|Win32.Build.0 = Release|Win32
		{A1881DF2-0A37-4AF4-86DC-EE0251CC6EA6}.Release|x64.ActiveCfg = Release|x64
		{A1881DF2-0A37-4AF4-86DC-EE0251CC6EA6}.Release|x64.Build.0 = Release|x64
		{A1881DF2-0A37-4AF4-86DC-EE0251CC6EA6}.Win10 Debug|Win32.ActiveCfg = Debug|Win32
		{A1881DF2-0A37-4AF4-86DC-EE0251CC6EA6}.Win10 Debug|Win32.Build.0 = Debug|Win32
		{A1881DF2-0A37-4AF4-86DC-EE0251CC6EA6}.Win10 Debug|x64.ActiveCfg = Debug|x64
		{A1881DF2-0A37-4AF4-86DC-EE0251CC6EA6}.Win10 Debug|x64.Build.0 = Debug|x64
		{A1881DF2-0A37-4AF4-86DC-EE0251CC6EA6}.Win10 Release|Win32.ActiveCfg = Release|Win32
		{A1881DF2-0A37-4AF4-86DC-EE0251CC6EA6}.Win10 Release|Win32.Build.0 = Release|Win32
		{A1881DF2-0A37-4AF4-86DC-EE0251CC6EA6}.Win10 Release|x64.ActiveCfg = Release|x64
		{A1881DF2-0A37-4AF4-86DC-EE0251CC6EA6}.Win10 Release|x64.Build.0 = Release|x64
		{A1881DF2-0A37-4AF4-86DC-EE0251CC6EA6}.Win7 Debug|Win32.ActiveCfg = Debug|Win32
		{A1881DF2-0A37-4AF4-86DC-EE0251CC6EA6}.Win7 Debug|Win32.Build.0 = Debug|Win32
		{A1881DF2-0A37-4AF4-86DC-EE0251CC6EA6}.Win7 Debug|x64.ActiveCfg = Debug|x64
		{A1881DF2-0A37-4AF4-86DC-EE0251CC6EA6}.Win7 Debug|x64.Build.0 = Debug|x64
		{A1881DF2-0A37-4AF4-86DC-EE0251CC6EA6}.Win7 Release|Win32.ActiveCfg = Release|Win32
		{A1881DF2-0A37-4AF4-86DC-EE0251CC6EA6}.Win7 Release|x64.ActiveCfg = Release|x64
		{A1881DF2-0A37-4AF4-86DC-EE0251CC6EA6}.Win8 Debug|Win32.ActiveCfg = Debug|Win32
		{A1881DF2-0A37-4AF4-86DC-EE0251CC6EA6}.Win8 Debug|Win32.Build.0 = Debug|Win32
		{A1881DF2-0A37-4AF4-86DC-EE0251CC6EA6}.Win8 Debug|x64.ActiveCfg = Debug|x64
		{A1881DF2-0A37-4AF4-86DC-EE0251CC6EA6}.Win8 Debug|x64.Build.0 = Debug|x64
		{A1881DF2-0A37-4AF4-86DC-EE0251CC6EA6}.Win8 Release|Win32.ActiveCfg = Release|Win32
		{A1881DF2-0A37-4AF4-86DC-EE0251CC6EA6}.Win8 Release|x64.ActiveCfg = Release|x64
		{A1881DF2-0A37-4AF4-86DC-EE0251CC6EA6}.Win8.1 Debug|Win32.ActiveCfg = Debug|Win32
		{A1881DF2-0A37-4AF4-86DC-EE0251CC6EA6}.Win8.1 Debug|Win32.Build.0 = Debug|Win32
		{A1881DF2-0A37-4AF4-86DC-EE0251CC6EA6}.Win8.1 Debug|x64.ActiveCfg = Debug|x64
		{A1881DF2-0A37-4AF4-86DC-EE0251CC6EA6}.Win8.1 Debug|x64.Build.0 = Debug|x64
		{A1881DF2-0A37-4AF4-86DC-EE0251CC6EA6}.Win8.1 Release|Win32.ActiveCfg = Release|Win32
		{A1881DF2-0A37-4AF4-86DC-EE0251CC6EA6}.Win8.1 Release|x64.ActiveCfg = Release|x64
		{EC90ED56-551B-4784-9B07-4B49B972448F}.Debug|Win32.ActiveCfg = Debug|Win32
		{EC90ED56-551B-4784-9B07-4B49B972448F}.Debug|Win32.Build.0 = Debug|Win32
		{EC90ED56-551B-4784-9B07-4B49B972448F}.Debug|x64.ActiveCfg = Debug|x64
		{EC90ED56-551B-4784-9B07-4B49B972448F}.Debug|x64.Build.0 = Debug|x64
		{EC90ED56-551B-4784-9B07-4B49B972448F}.Release|Win32.ActiveCfg = Release|Win32
		{EC90ED56-551B-4784-9B07-4B49B972448F}.Release|Win32.Build.0 = Release|Win32
		{EC90ED56-551B-4784-9B07-4B49B972448F}.Release|x64.ActiveCfg = Release|x64
		{EC90ED56-551B-4784-9B07-4B49B972448F}.Release|x64.Build.0 = Release|x64
		{EC90ED56-551B-4784-9B07-4B49B972448F}.Release|x64.Deploy.0 = Release|x64
		{EC90ED56-551B-4784-9B07-4B49B972448F}.Win10 Debug|Win32.ActiveCfg = Debug|Win32
		{EC90ED56-551B-4784-9B07-4B49B972448F}.Win10 Debug|Win32.Build.0 = Debug|Win32
		{EC90ED56-551B-4784-9B07-4B49B972448F}.Win10 Debug|x64.ActiveCfg = Debug|x64
		{EC90ED56-551B-4784-9B07-4B49B972448F}.Win10 Debug|x64.Build.0 = Debug|x64
		{EC90ED56-551B-4784-9B07-4B49B972448F}.Win10 Release|Win32.ActiveCfg = Release|Win32
		{EC90ED56-551B-4784-9B07-4B49B972448F}.Win10 Release|Win32.Build.0 = Release|Win32
		{EC90ED56-551B-4784-9B07-4B49B972448F}.Win10 Release|x64.ActiveCfg = Release|x64
		{EC90ED56-551B-4784-9B07-4B49B972448F}.Win10 Release|x64.Build.0 = Release|x64
		{EC90ED56-551B-4784-9B07-4B49B972448F}.Win7 Debug|Win32.ActiveCfg = Debug|Win32
		{EC90ED56-551B-4784-9B07-4B49B972448F}.Win7 Debug|Win32.Build.0 = Debug|Win32
		{EC90ED56-551B-4784-9B07-4B49B972448F}.Win7 Debug|x64.ActiveCfg = Debug|x64
		{EC90ED56-551B-4784-9B07-4B49B972448F}.Win7 Debug|x64.Build.0 = Debug|x64
		{EC90ED56-551B-4784-9B07-4B49B972448F}.Win7 Release|Win32.ActiveCfg = Release|Win32
		{EC90ED56-551B-4784-9B07-4B49B972448F}.Win7 Release|x64.ActiveCfg = Release|x64
		{EC90ED56-551B-4784-9B07-4B49B972448F}.Win8 Debug|Win32.ActiveCfg = Debug|Win32
		{EC90ED56-551B-4784-9B07-4B49B972448F}.Win8 Debug|Win32.Build.0 = Debug|Win32
		{EC90ED56-551B-4784-9B07-4B49B972448F}.Win8 Debug|x64.ActiveCfg = Debug|x64
		{EC90ED56-551B-4784-9B07-4B49B972448F}.Win8 Debug|x64.Build.0 = Debug|x64
		{EC90ED56-551B-4784-9B07-4B49B972448F}.Win8 Release|Win32.ActiveCfg = Release|Win32
		{EC90ED56-551B-4784-9B07-4B49B972448F}.Win8 Release|x64.ActiveCfg = Release|x64
		{EC90ED56-551B-4784-9B07-4B49B972448F}.Win8.1 Debug|Win32.ActiveCfg = Debug|Win32
		{EC90ED56-551B-4784-9B07-4B49B972448F}.Win8.1 Debug|Win32.Build.0 = Debug|Win32
		{EC90ED56-551B-4784-9B07-4B49B972448F}.Win8.1 Debug|x64.ActiveCfg = Debug|x64
		{EC90ED56-551B-4784-9B07-4B49B972448F}.Win8.1 Debug|x64.Build.0 = Debug|x64
		{EC90ED56-551B-4784-9B07-4B49B972448F}.Win8.1 Release|Win32.ActiveCfg = Release|Win32
		{EC90ED56-551B-4784-9B07-4B49B972448F}.Win8.1 Release|x64.ActiveCfg = Release|x64
		{4AF8149D-C526-4D38-A4BC-9FFA67EDF924}.Debug|Win32.ActiveCfg = Debug|Win32
		{4AF8149D-C526-4D38-A4BC-9FFA67EDF924}.Debug|Win32.Build.0 = Debug|Win32
		{4AF8149D-C526-4D38-A4BC-9FFA67EDF924}.Debug|x64.ActiveCfg = Debug|x64
		{4AF8149D-C526-4D38-A4BC-9FFA67EDF924}.Debug|x64.Build.0 = Debug|x64
		{4AF8149D-C526-4D38-A4BC-9FFA67EDF924}.Release|Win32.ActiveCfg = Release|Win32
		{4AF8149D-C526-4D38-A4BC-9FFA67EDF924}.Release|Win32.Build.0 = Release|Win32
		{4AF8149D-C526-4D38-A4BC-9FFA67EDF924}.Release|x64.ActiveCfg = Release|x64
		{4AF8149D-C526-4D38-A4BC-9FFA67EDF924}.Release|x64.Build.0 = Release|x64
		{4AF8149D-C526-4D38-A4BC-9FFA67EDF924}.Win10 Debug|Win32.ActiveCfg = Debug|Win32
		{4AF8149D-C526-4D38-A4BC-9FFA67EDF924}.Win10 Debug|Win32.Build.0 = Debug|Win32
		{4AF8149D-C526-4D38-A4BC-9FFA67EDF924}.Win10 Debug|x64.ActiveCfg = Debug|x64
		{4AF8149D-C526-4D38-A4BC-9FFA67EDF924}.Win10 Debug|x64.Build.0 = Debug|x64
		{4AF8149D-C526-4D38-A4BC-9FFA67EDF924}.Win10 Release|Win32.ActiveCfg = Release|Win32
		{4AF8149D-C526-4D38-A4BC-9FFA67EDF924}.Win10 Release|Win32.Build.0 = Release|Win32
		{4AF8149D-C526-4D38-A4BC-9FFA67EDF924}.Win10 Release|x64.ActiveCfg = Release|x64
		{4AF8149D-C526-4D38-A4BC-9FFA67EDF924}.Win10 Release|x64.Build.0 = Release|x64
		{4AF8149D-C526-4D38-A4BC-9FFA67EDF924}.Win7 Debug|Win32.ActiveCfg = Debug|Win32
		{4AF8149D-C526-4D38-A4BC-9FFA67EDF924}.Win7 Debug|Win32.Build.0 = Debug|Win32
		{4AF8149D-C526-4D38-A4BC-9FFA67EDF924}.Win7 Debug|x64.ActiveCfg = Debug|x64
		{4AF8149D-C526-4D38-A4BC-9FFA67EDF924}.Win7 Debug|x64.Build.0 = Debug|x64
		{4AF8149D-C526-4D38-A4BC-9FFA67EDF924}.Win7 Release|Win32.ActiveCfg = Release|Win32
		{4AF8149D-C526-4D38-A4BC-9FFA67EDF924}.Win7 Release|x64.ActiveCfg = Release|x64
		{4AF8149D-C526-4D38-A4BC-9FFA67EDF924}.Win8 Debug|Win32.ActiveCfg = Debug|Win32
		{4AF8149D-C526-4D38-A4BC-9FFA67EDF924}.Win8 Debug|Win32.Build.0 = Debug|Win32
		{4AF8149D-C526-4D38-A4BC-9FFA67EDF924}.Win8 Debug|x64.ActiveCfg = Debug|x64
		{4AF8149D-C526-4D38-A4BC-9FFA67EDF924}.Win8 Debug|x64.Build.0 = Debug|x64
		{4AF8149D-C526-4D38-A4BC-9FFA67EDF924}.Win8 Release|Win32.ActiveCfg = Release|Win32
		{4AF8149D-C526-4D38-A4BC-9FFA67EDF924}.Win8 Release|x64.ActiveCfg = Release|x64
		{4AF8149D-C526-4D38-A4BC-9FFA67EDF924}.Win8.1 Debug|Win32.ActiveCfg = Debug|Win32
		{4AF8149D-C526-4D38-A4BC-9FFA67EDF924}.Win8.1 Debug|Win32.Build.0 = Debug|Win32
		{4AF8149D-C526-4D38-A4BC-9FFA67EDF924}.Win8.1 Debug|x64.ActiveCfg = Debug|x64
		{4AF8149D-C526-4D38-A4BC-9FFA67EDF924}.Win8.1 Debug|x64.Build.0 = Debug|x64
		{4AF8149D-C526-4D38-A4BC-9FFA67EDF924}.Win8.1 Release|Win32.ActiveCfg = Release|Win32
		{4AF8149D-C526-4D38-A4BC-9FFA67EDF924}.Win8.1 Release|x64.ActiveCfg = Release|x64
	EndGlobalSection
	GlobalSection(SolutionProperties) = preSolution
		HideSolutionNode = FALSE
	EndGlobalSection
EndGlobal
