<?xml version="1.0" encoding="utf-8"?>
<Project ToolsVersion="4.0" xmlns="http://schemas.microsoft.com/developer/msbuild/2003">
  <ItemGroup>
    <Filter Include="Source Files">
      <UniqueIdentifier>{4FC737F1-C7A5-4376-A066-2A32D752A2FF}</UniqueIdentifier>
      <Extensions>cpp;c;cc;cxx;def;odl;idl;hpj;bat;asm;asmx</Extensions>
    </Filter>
    <Filter Include="Header Files">
      <UniqueIdentifier>{93995380-89BD-4b04-88EB-625FBE52EBFB}</UniqueIdentifier>
      <Extensions>h;hpp;hxx;hm;inl;inc;xsd</Extensions>
    </Filter>
    <Filter Include="Resource Files">
      <UniqueIdentifier>{67DA6AB6-F800-4c08-8B7A-83BB121AAD01}</UniqueIdentifier>
      <Extensions>rc;ico;cur;bmp;dlg;rc2;rct;bin;rgs;gif;jpg;jpeg;jpe;resx;tiff;tif;png;wav;mfcribbon-ms</Extensions>
    </Filter>
    <Filter Include="Driver Files">
      <UniqueIdentifier>{8E41214B-6785-4CFE-B992-037D68949A14}</UniqueIdentifier>
      <Extensions>inf;inv;inx;mof;mc;</Extensions>
    </Filter>
    <Filter Include="Header Files\util">
      <UniqueIdentifier>{c53075fc-b3b8-49c2-ac3d-d1e93402c45b}</UniqueIdentifier>
    </Filter>
    <Filter Include="Source Files\util">
      <UniqueIdentifier>{24ca4d2f-4f1d-436e-96cd-107aa2bf4be1}</UniqueIdentifier>
    </Filter>
  </ItemGroup>
  <ItemGroup>
    <ClCompile Include="access.c">
      <Filter>Source Files</Filter>
    </ClCompile>
    <ClCompile Include="cleanup.c">
      <Filter>Source Files</Filter>
    </ClCompile>
    <ClCompile Include="close.c">
      <Filter>Source Files</Filter>
    </ClCompile>
    <ClCompile Include="create.c">
      <Filter>Source Files</Filter>
    </ClCompile>
    <ClCompile Include="device.c">
      <Filter>Source Files</Filter>
    </ClCompile>
    <ClCompile Include="directory.c">
      <Filter>Source Files</Filter>
    </ClCompile>
    <ClCompile Include="dokan.c">
      <Filter>Source Files</Filter>
    </ClCompile>
    <ClCompile Include="event.c">
      <Filter>Source Files</Filter>
    </ClCompile>
    <ClCompile Include="fileinfo.c">
      <Filter>Source Files</Filter>
    </ClCompile>
    <ClCompile Include="flush.c">
      <Filter>Source Files</Filter>
    </ClCompile>
    <ClCompile Include="fscontrol.c">
      <Filter>Source Files</Filter>
    </ClCompile>
    <ClCompile Include="init.c">
      <Filter>Source Files</Filter>
    </ClCompile>
    <ClCompile Include="lock.c">
      <Filter>Source Files</Filter>
    </ClCompile>
    <ClCompile Include="notification.c">
      <Filter>Source Files</Filter>
    </ClCompile>
    <ClCompile Include="read.c">
      <Filter>Source Files</Filter>
    </ClCompile>
    <ClCompile Include="security.c">
      <Filter>Source Files</Filter>
    </ClCompile>
    <ClCompile Include="timeout.c">
      <Filter>Source Files</Filter>
    </ClCompile>
    <ClCompile Include="volume.c">
      <Filter>Source Files</Filter>
    </ClCompile>
    <ClCompile Include="write.c">
      <Filter>Source Files</Filter>
    </ClCompile>
    <ClCompile Include="except.c">
      <Filter>Source Files</Filter>
    </ClCompile>
    <ClCompile Include="dispatch.c">
      <Filter>Source Files</Filter>
    </ClCompile>
    <ClCompile Include="util\irp_buffer_helper.c">
      <Filter>Source Files\util</Filter>
    </ClCompile>
    <ClCompile Include="util\str.c">
      <Filter>Source Files\util</Filter>
    </ClCompile>
    <ClCompile Include="util\log.c">
      <Filter>Source Files\util</Filter>
    </ClCompile>
    <ClCompile Include="util\fcb.c">
      <Filter>Source Files\util</Filter>
    </ClCompile>
    <ClCompile Include="util\mountmgr.c">
      <Filter>Source Files\util</Filter>
    </ClCompile>
  </ItemGroup>
  <ItemGroup>
    <ClInclude Include="dokan.h">
      <Filter>Header Files</Filter>
    </ClInclude>
    <ClInclude Include="public.h">
      <Filter>Header Files</Filter>
    </ClInclude>
    <ClInclude Include="util\irp_buffer_helper.h">
      <Filter>Header Files\util</Filter>
    </ClInclude>
    <ClInclude Include="util\str.h">
      <Filter>Header Files\util</Filter>
    </ClInclude>
    <ClInclude Include="util\log.h">
      <Filter>Header Files\util</Filter>
    </ClInclude>
    <ClInclude Include="util\fcb.h">
      <Filter>Header Files\util</Filter>
    </ClInclude>
    <ClInclude Include="util\mountmgr.h">
      <Filter>Header Files\util</Filter>
    </ClInclude>
  </ItemGroup>
  <ItemGroup>
    <ResourceCompile Include="dokan.rc">
      <Filter>Resource Files</Filter>
    </ResourceCompile>
    <ResourceCompile Include="dokanfs_msg.rc">
      <Filter>Resource Files</Filter>
    </ResourceCompile>
  </ItemGroup>
  <ItemGroup>
    <Inf Include="dokan.inf">
      <Filter>Driver Files</Filter>
    </Inf>
  </ItemGroup>
  <ItemGroup>
    <CustomBuild Include="dokanfs_msg.mc">
      <Filter>Driver Files</Filter>
    </CustomBuild>
  </ItemGroup>
  <ItemGroup>
    <None Include="util\ntstatus_log.inc">
      <Filter>Header Files\util</Filter>
    </None>
    <None Include="util\ioctl.inc">
      <Filter>Header Files\util</Filter>
    </None>
  </ItemGroup>
</Project>