
Microsoft Visual Studio Solution File, Format Version 9.00
# Visual Studio 2005
Project("{8BC9CEB8-8B4A-11D0-8D11-00A0C91BC942}") = "DokanSSHProperty", "DokanSSHProperty\DokanSSHProperty.vcproj", "{60AE528A-09AA-4511-A34C-A7927A6BB373}"
EndProject
Project("{8BC9CEB8-8B4A-11D0-8D11-00A0C91BC942}") = "DokanSSHPropertyPS", "DokanSSHProperty\DokanSSHPropertyPS.vcproj", "{98FDFC77-686D-48C3-B888-23F1AA4C1945}"
	ProjectSection(ProjectDependencies) = postProject
		{60AE528A-09AA-4511-A34C-A7927A6BB373} = {60AE528A-09AA-4511-A34C-A7927A6BB373}
	EndProjectSection
EndProject
Global
	GlobalSection(SolutionConfigurationPlatforms) = preSolution
		Debug|Win32 = Debug|Win32
		Release|Win32 = Release|Win32
	EndGlobalSection
	GlobalSection(ProjectConfigurationPlatforms) = postSolution
		{60AE528A-09AA-4511-A34C-A7927A6BB373}.Debug|Win32.ActiveCfg = Debug|Win32
		{60AE528A-09AA-4511-A34C-A7927A6BB373}.Debug|Win32.Build.0 = Debug|Win32
		{60AE528A-09AA-4511-A34C-A7927A6BB373}.Release|Win32.ActiveCfg = Release|Win32
		{60AE528A-09AA-4511-A34C-A7927A6BB373}.Release|Win32.Build.0 = Release|Win32
		{98FDFC77-686D-48C3-B888-23F1AA4C1945}.Debug|Win32.ActiveCfg = Debug|Win32
		{98FDFC77-686D-48C3-B888-23F1AA4C1945}.Debug|Win32.Build.0 = Debug|Win32
		{98FDFC77-686D-48C3-B888-23F1AA4C1945}.Release|Win32.ActiveCfg = Release|Win32
		{98FDFC77-686D-48C3-B888-23F1AA4C1945}.Release|Win32.Build.0 = Release|Win32
	EndGlobalSection
	GlobalSection(SolutionProperties) = preSolution
		HideSolutionNode = FALSE
	EndGlobalSection
EndGlobal
