<?xml version="1.0" encoding="utf-8"?>
<Project ToolsVersion="12.0" xmlns="http://schemas.microsoft.com/developer/msbuild/2003">
  <ItemGroup>
    <ClCompile Include="src\fuse_opt.c">
      <Filter>Source Files</Filter>
    </ClCompile>
    <ClCompile Include="src\fusemain.cpp">
      <Filter>Source Files</Filter>
    </ClCompile>
    <ClCompile Include="src\fuse_helpers.c">
      <Filter>Source Files</Filter>
    </ClCompile>
    <ClCompile Include="src\utils.cpp">
      <Filter>Source Files</Filter>
    </ClCompile>
    <ClCompile Include="src\dokanfuse.cpp">
      <Filter>Source Files</Filter>
    </ClCompile>
  </ItemGroup>
  <ItemGroup>
    <ClInclude Include="include\fuse.h">
      <Filter>Header Files</Filter>
    </ClInclude>
    <ClInclude Include="include\fuse_common.h">
      <Filter>Header Files</Filter>
    </ClInclude>
    <ClInclude Include="include\fuse_opt.h">
      <Filter>Header Files</Filter>
    </ClInclude>
    <ClInclude Include="include\fuse_sem_fix.h">
      <Filter>Header Files</Filter>
    </ClInclude>
    <ClInclude Include="include\fuse_win.h">
      <Filter>Header Files</Filter>
    </ClInclude>
    <ClInclude Include="include\fusemain.h">
      <Filter>Header Files</Filter>
    </ClInclude>
    <ClInclude Include="include\ScopeGuard.h">
      <Filter>Header Files</Filter>
    </ClInclude>
    <ClInclude Include="include\utils.h">
      <Filter>Header Files</Filter>
    </ClInclude>
    <ClInclude Include="include\dokanfuse.h">
      <Filter>Header Files</Filter>
    </ClInclude>
  </ItemGroup>
  <ItemGroup>
    <Filter Include="Source Files">
      <UniqueIdentifier>{F62D76B2-8E06-40C3-8464-5E72EA562C3F}</UniqueIdentifier>
    </Filter>
    <Filter Include="Header Files">
      <UniqueIdentifier>{FF79298E-CCE0-41AB-88E5-A2C622984E41}</UniqueIdentifier>
    </Filter>
    <Filter Include="Resource Files">
      <UniqueIdentifier>{e33d6674-e9b8-41fc-aaf8-95e971b27e7a}</UniqueIdentifier>
    </Filter>
  </ItemGroup>
  <ItemGroup>
    <ResourceCompile Include="src\dokanfuse.rc">
      <Filter>Resource Files</Filter>
    </ResourceCompile>
  </ItemGroup>
  <ItemGroup>
    <None Include="src\dokanfuse.def">
      <Filter>Source Files</Filter>
    </None>
  </ItemGroup>
</Project>