<?xml version="1.0" encoding="utf-8"?>
<Project ToolsVersion="4.0" xmlns="http://schemas.microsoft.com/developer/msbuild/2003">
  <ItemGroup>
    <Filter Include="ソース ファイル">
      <UniqueIdentifier>{9e1cdab4-9f8c-405d-9bff-1e32794ec733}</UniqueIdentifier>
    </Filter>
    <Filter Include="生成されたファイル">
      <UniqueIdentifier>{1a400472-6961-4d9a-82ca-c2fd6d341060}</UniqueIdentifier>
      <SourceControlFiles>False</SourceControlFiles>
    </Filter>
  </ItemGroup>
  <ItemGroup>
    <ClCompile Include="dlldata.c">
      <Filter>生成されたファイル</Filter>
    </ClCompile>
    <ClCompile Include="DokanSSHProperty_i.c">
      <Filter>生成されたファイル</Filter>
    </ClCompile>
    <ClCompile Include="DokanSSHProperty_p.c">
      <Filter>生成されたファイル</Filter>
    </ClCompile>
  </ItemGroup>
  <ItemGroup>
    <None Include="DokanSSHPropertyps.def" />
  </ItemGroup>
</Project>