<?xml version="1.0" encoding="utf-8"?>
<Project ToolsVersion="4.0" xmlns="http://schemas.microsoft.com/developer/msbuild/2003">
  <ItemGroup>
    <Filter Include="ソース ファイル">
      <UniqueIdentifier>{1b77eb5e-a403-4e81-bffc-8279c3736544}</UniqueIdentifier>
    </Filter>
    <Filter Include="生成されたファイル">
      <UniqueIdentifier>{4eb2521b-5dc3-4fcc-a3ff-7add700a1287}</UniqueIdentifier>
      <SourceControlFiles>False</SourceControlFiles>
    </Filter>
  </ItemGroup>
  <ItemGroup>
    <ClCompile Include="dlldata.c">
      <Filter>生成されたファイル</Filter>
    </ClCompile>
    <ClCompile Include="DokanSSHFSControl_i.c">
      <Filter>生成されたファイル</Filter>
    </ClCompile>
    <ClCompile Include="DokanSSHFSControl_p.c">
      <Filter>生成されたファイル</Filter>
    </ClCompile>
  </ItemGroup>
  <ItemGroup>
    <None Include="DokanSSHFSControlps.def" />
  </ItemGroup>
</Project>