
Microsoft Visual Studio Solution File, Format Version 12.00
# Visual Studio 14
VisualStudioVersion = 14.0.25420.1
MinimumVisualStudioVersion = 10.0.40219.1
Project("{2150E333-8FDC-42A3-9474-1A3956D46DE8}") = "Solution Items", "Solution Items", "{6D7E56F9-3617-46F4-8153-29A6AA2929AE}"
	ProjectSection(SolutionItems) = preProject
		version.txt = version.txt
		version.xml = version.xml
	EndProjectSection
EndProject
Project("{FAE04EC0-301F-11D3-BF4B-00C04F79EFBC}") = "SetAssemblyVersion", "SetAssemblyVersion\SetAssemblyVersion.csproj", "{A48003E4-F999-4398-8C94-92A0BE018B05}"
EndProject
Global
	GlobalSection(SolutionConfigurationPlatforms) = preSolution
		Debug|Any CPU = Debug|Any CPU
		Release|Any CPU = Release|Any CPU
	EndGlobalSection
	GlobalSection(ProjectConfigurationPlatforms) = postSolution
		{A48003E4-F999-4398-8C94-92A0BE018B05}.Debug|Any CPU.ActiveCfg = Debug|Any CPU
		{A48003E4-F999-4398-8C94-92A0BE018B05}.Debug|Any CPU.Build.0 = Debug|Any CPU
		{A48003E4-F999-4398-8C94-92A0BE018B05}.Release|Any CPU.ActiveCfg = Release|Any CPU
		{A48003E4-F999-4398-8C94-92A0BE018B05}.Release|Any CPU.Build.0 = Release|Any CPU
	EndGlobalSection
	GlobalSection(SolutionProperties) = preSolution
		HideSolutionNode = FALSE
	EndGlobalSection
EndGlobal
