<?xml version="1.0" encoding="utf-8"?>
<Project ToolsVersion="4.0" xmlns="http://schemas.microsoft.com/developer/msbuild/2003">
  <ItemGroup>
    <Filter Include="Resource Files">
      <UniqueIdentifier>{67DA6AB6-F800-4c08-8B7A-83BB121AAD01}</UniqueIdentifier>
      <Extensions>rc;ico;cur;bmp;dlg;rc2;rct;bin;rgs;gif;jpg;jpeg;jpe;resx;tiff;tif;png;wav;mfcribbon-ms</Extensions>
    </Filter>
    <Filter Include="Source">
      <UniqueIdentifier>{a53dfd67-4225-44a6-847b-dc024bf9728d}</UniqueIdentifier>
    </Filter>
    <Filter Include="Source\FSX">
      <UniqueIdentifier>{7e8ff853-6fa7-473d-a40a-54561cd685da}</UniqueIdentifier>
    </Filter>
    <Filter Include="Source\FSX\win">
      <UniqueIdentifier>{8dc39220-2d5c-408b-9078-90b6daa0919b}</UniqueIdentifier>
    </Filter>
  </ItemGroup>
  <ItemGroup>
    <ClInclude Include="stdafx.h">
      <Filter>Source</Filter>
    </ClInclude>
    <ClInclude Include="targetver.h">
      <Filter>Source</Filter>
    </ClInclude>
    <ClInclude Include="fsx\win\getopt.h">
      <Filter>Source\FSX\win</Filter>
    </ClInclude>
    <ClInclude Include="fsx\win\mman.h">
      <Filter>Source\FSX\win</Filter>
    </ClInclude>
  </ItemGroup>
  <ItemGroup>
    <ClCompile Include="ErrorCodes.cpp">
      <Filter>Source</Filter>
    </ClCompile>
    <ClCompile Include="FileSystemTests.cpp">
      <Filter>Source</Filter>
    </ClCompile>
    <ClCompile Include="stdafx.cpp">
      <Filter>Source</Filter>
    </ClCompile>
    <ClCompile Include="fsx\win\getopt.cpp">
      <Filter>Source\FSX\win</Filter>
    </ClCompile>
    <ClCompile Include="fsx\win\mman.cpp">
      <Filter>Source\FSX\win</Filter>
    </ClCompile>
    <ClCompile Include="fsx\win\random.cpp">
      <Filter>Source\FSX\win</Filter>
    </ClCompile>
    <ClCompile Include="fsx\fsx.cpp">
      <Filter>Source\FSX</Filter>
    </ClCompile>
  </ItemGroup>
</Project>